{
  "version": 4,
  "terraform_version": "1.2.7",
  "serial": 7,
  "lineage": "084d297d-7abc-9767-50f4-6ac5e098d228",
  "outputs": {
    "s3_bucket_name": {
      "value": "balaparthayou-001",
      "type": "string"
    },
    "s3_bucket_region": {
      "value": "balaparthayou-001",
      "type": "string"
    }
  },
  "resources": [
    {
      "mode": "managed",
      "type": "aws_s3_bucket_website_configuration",
      "name": "createbucket",
      "provider": "provider[\"registry.terraform.io/hashicorp/aws\"]",
      "instances": [
        {
          "schema_version": 0,
          "attributes": {
            "bucket": "balaparthayou-001",
            "error_document": [
              {
                "key": "error.html"
              }
            ],
            "expected_bucket_owner": "",
            "id": "balaparthayou-001",
            "index_document": [
              {
                "suffix": "index.html"
              }
            ],
            "redirect_all_requests_to": [],
            "routing_rule": [
              {
                "condition": [
                  {
                    "http_error_code_returned_equals": "",
                    "key_prefix_equals": "docs/"
                  }
                ],
                "redirect": [
                  {
                    "host_name": "",
                    "http_redirect_code": "",
                    "protocol": "",
                    "replace_key_prefix_with": "documents/",
                    "replace_key_with": ""
                  }
                ]
              }
            ],
            "routing_rules": "[{\"Condition\":{\"KeyPrefixEquals\":\"docs/\"},\"Redirect\":{\"ReplaceKeyPrefixWith\":\"documents/\"}}]",
            "website_domain": "s3-website-ap-southeast-1.amazonaws.com",
            "website_endpoint": "balaparthayou-001.s3-website-ap-southeast-1.amazonaws.com"
          },
          "sensitive_attributes": [],
          "private": "bnVsbA=="
        }
      ]
    }
  ]
}
